// !$*UTF8*$!
{
	archiveVersion = 1;
	classes = {
	};
	objectVersion = 46;
	objects = {

/* Begin PBXAggregateTarget section */
		ACF4B1830DBFA6A1008A0207 /* configure */ = {
			isa = PBXAggregateTarget;
			buildConfigurationList = ACF4B18F0DBFA6C0008A0207 /* Build configuration list for PBXAggregateTarget "configure" */;
			buildPhases = (
				ACF4B1820DBFA6A1008A0207 /* Run Script */,
			);
			dependencies = (
			);
			name = configure;
			productName = configure;
		};
		ACFAF4C30DD489630095F6A0 /* documentation */ = {
			isa = PBXAggregateTarget;
			buildConfigurationList = ACFAF4D20DD489A60095F6A0 /* Build configuration list for PBXAggregateTarget "documentation" */;
			buildPhases = (
				ACFAF4C20DD489630095F6A0 /* ShellScript */,
			);
			dependencies = (
			);
			name = documentation;
			productName = documentation;
		};
/* End PBXAggregateTarget section */

/* Begin PBXFileReference section */
		5005F4ED16106B78002BA61D /* Random.cc */ = {isa = PBXFileReference; fileEncoding = 4; lastKnownFileType = sourcecode.cpp.cpp; path = Random.cc; sourceTree = "<group>"; };
		5029007D1615987400F5EFCB /* Interruptible.hh */ = {isa = PBXFileReference; lastKnownFileType = sourcecode.cpp.h; path = Interruptible.hh; sourceTree = "<group>"; };
		504771E6161C52090055CA54 /* MultimodalNeighborhoodExplorer.hh */ = {isa = PBXFileReference; lastKnownFileType = sourcecode.cpp.h; path = MultimodalNeighborhoodExplorer.hh; sourceTree = "<group>"; };
		5064C5AC1621898300BD59A4 /* Tuple.hh */ = {isa = PBXFileReference; lastKnownFileType = sourcecode.cpp.h; path = Tuple.hh; sourceTree = "<group>"; };
		50B7DC6316147D16006CFED0 /* SimulatedAnnealingWithReheating.hh */ = {isa = PBXFileReference; lastKnownFileType = sourcecode.cpp.h; path = SimulatedAnnealingWithReheating.hh; sourceTree = "<group>"; };
		50BDA6F5160200CC0069BFF7 /* LateAcceptanceHillClimbing.hh */ = {isa = PBXFileReference; fileEncoding = 4; lastKnownFileType = sourcecode.cpp.h; path = LateAcceptanceHillClimbing.hh; sourceTree = "<group>"; };
		A22C6461162072DD00A58459 /* config.hh.in */ = {isa = PBXFileReference; fileEncoding = 4; lastKnownFileType = text; path = config.hh.in; sourceTree = "<group>"; };
		A245D81016B2B5CE004734C4 /* GRASP.hh */ = {isa = PBXFileReference; fileEncoding = 4; lastKnownFileType = sourcecode.cpp.h; path = GRASP.hh; sourceTree = "<group>"; };
		A245D81116B2B5CE004734C4 /* TokenRingSearch.hh */ = {isa = PBXFileReference; fileEncoding = 4; lastKnownFileType = sourcecode.cpp.h; path = TokenRingSearch.hh; sourceTree = "<group>"; };
		A245D81216B2B942004734C4 /* WeightManager.hh */ = {isa = PBXFileReference; fileEncoding = 4; lastKnownFileType = sourcecode.cpp.h; path = WeightManager.hh; sourceTree = "<group>"; };
		A2765ABC16B6929A00980D1F /* FirstImprovementTabuSearch.hh */ = {isa = PBXFileReference; fileEncoding = 4; lastKnownFileType = sourcecode.cpp.h; path = FirstImprovementTabuSearch.hh; sourceTree = "<group>"; };
		A2765ABD16B6929A00980D1F /* SampleTabuSearch.hh */ = {isa = PBXFileReference; fileEncoding = 4; lastKnownFileType = sourcecode.cpp.h; path = SampleTabuSearch.hh; sourceTree = "<group>"; };
		A2765ABE16B6929A00980D1F /* SimulatedAnnealingIterationBased.hh */ = {isa = PBXFileReference; fileEncoding = 4; lastKnownFileType = sourcecode.cpp.h; path = SimulatedAnnealingIterationBased.hh; sourceTree = "<group>"; };
		A29C12D3148F74CC00EDC517 /* ToDo2012 */ = {isa = PBXFileReference; fileEncoding = 4; lastKnownFileType = text; name = ToDo2012; path = ../ToDo2012; sourceTree = "<group>"; };
		A2BB009716258D25002AE3EF /* Utils.hh */ = {isa = PBXFileReference; fileEncoding = 4; lastKnownFileType = sourcecode.cpp.h; path = Utils.hh; sourceTree = "<group>"; };
		A2DF65DD16170709002DFB3D /* Parameter.cc */ = {isa = PBXFileReference; fileEncoding = 4; lastKnownFileType = sourcecode.cpp.cpp; path = Parameter.cc; sourceTree = "<group>"; };
		A2DF65DE16170709002DFB3D /* Parameter.hh */ = {isa = PBXFileReference; fileEncoding = 4; lastKnownFileType = sourcecode.cpp.h; path = Parameter.hh; sourceTree = "<group>"; };
		AC4276C40DD873F6006C3B31 /* index.html */ = {isa = PBXFileReference; fileEncoding = 4; lastKnownFileType = text.html; name = index.html; path = ../doc/html/index.html; sourceTree = SOURCE_ROOT; };
		AC75B24C0DD08BB8003EBD1F /* GeneralizedLocalSearchObserver.hh */ = {isa = PBXFileReference; fileEncoding = 4; lastKnownFileType = sourcecode.cpp.h; path = GeneralizedLocalSearchObserver.hh; sourceTree = "<group>"; };
		AC75B24D0DD08BB8003EBD1F /* RunnerObserver.hh */ = {isa = PBXFileReference; fileEncoding = 4; lastKnownFileType = sourcecode.cpp.h; path = RunnerObserver.hh; sourceTree = "<group>"; };
		AC75B24E0DD08BB8003EBD1F /* ShiftingPenaltyObserver.hh */ = {isa = PBXFileReference; fileEncoding = 4; lastKnownFileType = sourcecode.cpp.h; path = ShiftingPenaltyObserver.hh; sourceTree = "<group>"; };
		AC77656E0DDEE52200A4A736 /* EasyLocal.conf.vc.hh */ = {isa = PBXFileReference; fileEncoding = 4; lastKnownFileType = sourcecode.cpp.h; path = EasyLocal.conf.vc.hh; sourceTree = "<group>"; };
		AC8357BF0EA47DF5002980DC /* MultimodalTabuListManager.hh */ = {isa = PBXFileReference; fileEncoding = 4; lastKnownFileType = sourcecode.cpp.h; path = MultimodalTabuListManager.hh; sourceTree = "<group>"; };
		AC9665AE0E712AE100802631 /* GreatDeluge.hh */ = {isa = PBXFileReference; fileEncoding = 4; lastKnownFileType = sourcecode.cpp.h; path = GreatDeluge.hh; sourceTree = "<group>"; };
		AC97D3830DD4762100454E4E /* COPYING */ = {isa = PBXFileReference; fileEncoding = 4; lastKnownFileType = text; name = COPYING; path = ../COPYING; sourceTree = SOURCE_ROOT; };
		ACDFC76D0DCFB2E5004D11E8 /* EasyLocal.conf.hh */ = {isa = PBXFileReference; fileEncoding = 4; lastKnownFileType = sourcecode.cpp.h; path = EasyLocal.conf.hh; sourceTree = "<group>"; };
		ACDFC7AA0DCFB717004D11E8 /* VariableNeighborhoodDescent.hh */ = {isa = PBXFileReference; fileEncoding = 4; lastKnownFileType = sourcecode.cpp.h; path = VariableNeighborhoodDescent.hh; sourceTree = "<group>"; };
		ACF4B0FC0DBFA668008A0207 /* EasyLocal.hh */ = {isa = PBXFileReference; fileEncoding = 4; lastKnownFileType = sourcecode.cpp.h; path = EasyLocal.hh; sourceTree = "<group>"; };
		ACF4B10E0DBFA668008A0207 /* CostComponent.hh */ = {isa = PBXFileReference; fileEncoding = 4; lastKnownFileType = sourcecode.cpp.h; path = CostComponent.hh; sourceTree = "<group>"; };
		ACF4B10F0DBFA668008A0207 /* DeltaCostComponent.hh */ = {isa = PBXFileReference; fileEncoding = 4; lastKnownFileType = sourcecode.cpp.h; path = DeltaCostComponent.hh; sourceTree = "<group>"; };
		ACF4B1110DBFA668008A0207 /* NeighborhoodExplorer.hh */ = {isa = PBXFileReference; fileEncoding = 4; lastKnownFileType = sourcecode.cpp.h; path = NeighborhoodExplorer.hh; sourceTree = "<group>"; };
		ACF4B1120DBFA668008A0207 /* OutputManager.hh */ = {isa = PBXFileReference; fileEncoding = 4; lastKnownFileType = sourcecode.cpp.h; path = OutputManager.hh; sourceTree = "<group>"; };
		ACF4B1130DBFA668008A0207 /* ProhibitionManager.hh */ = {isa = PBXFileReference; fileEncoding = 4; lastKnownFileType = sourcecode.cpp.h; path = ProhibitionManager.hh; sourceTree = "<group>"; };
		ACF4B1150DBFA668008A0207 /* ShiftingPenaltyManager.hh */ = {isa = PBXFileReference; fileEncoding = 4; lastKnownFileType = sourcecode.cpp.h; path = ShiftingPenaltyManager.hh; sourceTree = "<group>"; };
		ACF4B1170DBFA668008A0207 /* StateManager.hh */ = {isa = PBXFileReference; fileEncoding = 4; lastKnownFileType = sourcecode.cpp.h; path = StateManager.hh; sourceTree = "<group>"; };
		ACF4B1190DBFA668008A0207 /* TabuListManager.hh */ = {isa = PBXFileReference; fileEncoding = 4; lastKnownFileType = sourcecode.cpp.h; path = TabuListManager.hh; sourceTree = "<group>"; };
		ACF4B11A0DBFA668008A0207 /* Helpers.hh */ = {isa = PBXFileReference; fileEncoding = 4; lastKnownFileType = sourcecode.cpp.h; path = Helpers.hh; sourceTree = "<group>"; };
		ACF4B11D0DBFA668008A0207 /* Kicker.hh */ = {isa = PBXFileReference; fileEncoding = 4; lastKnownFileType = sourcecode.cpp.h; path = Kicker.hh; sourceTree = "<group>"; };
		ACF4B11E0DBFA668008A0207 /* SimpleKicker.hh */ = {isa = PBXFileReference; fileEncoding = 4; lastKnownFileType = sourcecode.cpp.h; path = SimpleKicker.hh; sourceTree = "<group>"; };
		ACF4B11F0DBFA668008A0207 /* Kickers.hh */ = {isa = PBXFileReference; fileEncoding = 4; lastKnownFileType = sourcecode.cpp.h; path = Kickers.hh; sourceTree = "<group>"; };
		ACF4B1220DBFA668008A0207 /* Makefile.am */ = {isa = PBXFileReference; fileEncoding = 4; lastKnownFileType = text; path = Makefile.am; sourceTree = "<group>"; };
		ACF4B1250DBFA668008A0207 /* FirstDescent.hh */ = {isa = PBXFileReference; fileEncoding = 4; lastKnownFileType = sourcecode.cpp.h; path = FirstDescent.hh; sourceTree = "<group>"; };
		ACF4B1260DBFA668008A0207 /* HillClimbing.hh */ = {isa = PBXFileReference; fileEncoding = 4; lastKnownFileType = sourcecode.cpp.h; path = HillClimbing.hh; sourceTree = "<group>"; };
		ACF4B1270DBFA668008A0207 /* MoveRunner.hh */ = {isa = PBXFileReference; fileEncoding = 4; lastKnownFileType = sourcecode.cpp.h; path = MoveRunner.hh; sourceTree = "<group>"; };
		ACF4B1280DBFA668008A0207 /* Runner.hh */ = {isa = PBXFileReference; fileEncoding = 4; lastKnownFileType = sourcecode.cpp.h; path = Runner.hh; sourceTree = "<group>"; };
		ACF4B12A0DBFA668008A0207 /* SimulatedAnnealing.hh */ = {isa = PBXFileReference; fileEncoding = 4; lastKnownFileType = sourcecode.cpp.h; path = SimulatedAnnealing.hh; sourceTree = "<group>"; };
		ACF4B12B0DBFA668008A0207 /* SteepestDescent.hh */ = {isa = PBXFileReference; fileEncoding = 4; lastKnownFileType = sourcecode.cpp.h; path = SteepestDescent.hh; sourceTree = "<group>"; };
		ACF4B12C0DBFA668008A0207 /* TabuSearch.hh */ = {isa = PBXFileReference; fileEncoding = 4; lastKnownFileType = sourcecode.cpp.h; path = TabuSearch.hh; sourceTree = "<group>"; };
		ACF4B12E0DBFA668008A0207 /* Runners.hh */ = {isa = PBXFileReference; fileEncoding = 4; lastKnownFileType = sourcecode.cpp.h; path = Runners.hh; sourceTree = "<group>"; };
		ACF4B1340DBFA668008A0207 /* SimpleLocalSearch.hh */ = {isa = PBXFileReference; fileEncoding = 4; lastKnownFileType = sourcecode.cpp.h; path = SimpleLocalSearch.hh; sourceTree = "<group>"; };
		ACF4B1350DBFA668008A0207 /* Solver.hh */ = {isa = PBXFileReference; fileEncoding = 4; lastKnownFileType = sourcecode.cpp.h; path = Solver.hh; sourceTree = "<group>"; };
		ACF4B1380DBFA668008A0207 /* Solvers.hh */ = {isa = PBXFileReference; fileEncoding = 4; lastKnownFileType = sourcecode.cpp.h; path = Solvers.hh; sourceTree = "<group>"; };
		ACF4B13A0DBFA668008A0207 /* ComponentTester.hh */ = {isa = PBXFileReference; fileEncoding = 4; lastKnownFileType = sourcecode.cpp.h; path = ComponentTester.hh; sourceTree = "<group>"; };
		ACF4B13B0DBFA668008A0207 /* KickerTester.hh */ = {isa = PBXFileReference; fileEncoding = 4; lastKnownFileType = sourcecode.cpp.h; path = KickerTester.hh; sourceTree = "<group>"; };
		ACF4B13C0DBFA668008A0207 /* MoveTester.hh */ = {isa = PBXFileReference; fileEncoding = 4; lastKnownFileType = sourcecode.cpp.h; path = MoveTester.hh; sourceTree = "<group>"; };
		ACF4B13D0DBFA668008A0207 /* Tester.hh */ = {isa = PBXFileReference; fileEncoding = 4; lastKnownFileType = sourcecode.cpp.h; path = Tester.hh; sourceTree = "<group>"; };
		ACF4B13E0DBFA668008A0207 /* Testers.hh */ = {isa = PBXFileReference; fileEncoding = 4; lastKnownFileType = sourcecode.cpp.h; path = Testers.hh; sourceTree = "<group>"; };
		ACF4B1580DBFA668008A0207 /* Random.hh */ = {isa = PBXFileReference; fileEncoding = 4; lastKnownFileType = sourcecode.cpp.h; path = Random.hh; sourceTree = "<group>"; };
		ACF4B15A0DBFA668008A0207 /* Types.cc */ = {isa = PBXFileReference; fileEncoding = 4; lastKnownFileType = sourcecode.cpp.cpp; path = Types.cc; sourceTree = "<group>"; };
		ACF4B15B0DBFA668008A0207 /* Types.hh */ = {isa = PBXFileReference; fileEncoding = 4; lastKnownFileType = sourcecode.cpp.h; path = Types.hh; sourceTree = "<group>"; };
		ACF4B1600DBFA685008A0207 /* Makefile.am */ = {isa = PBXFileReference; fileEncoding = 4; lastKnownFileType = text; path = Makefile.am; sourceTree = "<group>"; };
		ACF4B1640DBFA685008A0207 /* ChessBoard.cc */ = {isa = PBXFileReference; fileEncoding = 4; lastKnownFileType = sourcecode.cpp.cpp; path = ChessBoard.cc; sourceTree = "<group>"; };
		ACF4B1650DBFA685008A0207 /* ChessBoard.hh */ = {isa = PBXFileReference; fileEncoding = 4; lastKnownFileType = sourcecode.cpp.h; path = ChessBoard.hh; sourceTree = "<group>"; };
		ACF4B1660DBFA685008A0207 /* Swap.cc */ = {isa = PBXFileReference; fileEncoding = 4; lastKnownFileType = sourcecode.cpp.cpp; path = Swap.cc; sourceTree = "<group>"; };
		ACF4B1670DBFA685008A0207 /* Swap.hh */ = {isa = PBXFileReference; fileEncoding = 4; lastKnownFileType = sourcecode.cpp.h; path = Swap.hh; sourceTree = "<group>"; };
		ACF4B1690DBFA685008A0207 /* PrimaryDiagonalCostComponent.cc */ = {isa = PBXFileReference; fileEncoding = 4; lastKnownFileType = sourcecode.cpp.cpp; path = PrimaryDiagonalCostComponent.cc; sourceTree = "<group>"; };
		ACF4B16A0DBFA685008A0207 /* PrimaryDiagonalCostComponent.hh */ = {isa = PBXFileReference; fileEncoding = 4; lastKnownFileType = sourcecode.cpp.h; path = PrimaryDiagonalCostComponent.hh; sourceTree = "<group>"; };
		ACF4B16B0DBFA685008A0207 /* PrimaryDiagonalDeltaCostComponent.cc */ = {isa = PBXFileReference; fileEncoding = 4; lastKnownFileType = sourcecode.cpp.cpp; path = PrimaryDiagonalDeltaCostComponent.cc; sourceTree = "<group>"; };
		ACF4B16C0DBFA685008A0207 /* PrimaryDiagonalDeltaCostComponent.hh */ = {isa = PBXFileReference; fileEncoding = 4; lastKnownFileType = sourcecode.cpp.h; path = PrimaryDiagonalDeltaCostComponent.hh; sourceTree = "<group>"; };
		ACF4B16E0DBFA685008A0207 /* SwapNeighborhoodExplorer.cc */ = {isa = PBXFileReference; fileEncoding = 4; lastKnownFileType = sourcecode.cpp.cpp; path = SwapNeighborhoodExplorer.cc; sourceTree = "<group>"; };
		ACF4B16F0DBFA685008A0207 /* SwapNeighborhoodExplorer.hh */ = {isa = PBXFileReference; fileEncoding = 4; lastKnownFileType = sourcecode.cpp.h; path = SwapNeighborhoodExplorer.hh; sourceTree = "<group>"; };
		ACF4B1700DBFA685008A0207 /* QueensOutputManager.cc */ = {isa = PBXFileReference; fileEncoding = 4; lastKnownFileType = sourcecode.cpp.cpp; path = QueensOutputManager.cc; sourceTree = "<group>"; };
		ACF4B1710DBFA685008A0207 /* QueensOutputManager.hh */ = {isa = PBXFileReference; fileEncoding = 4; lastKnownFileType = sourcecode.cpp.h; path = QueensOutputManager.hh; sourceTree = "<group>"; };
		ACF4B1720DBFA685008A0207 /* QueensStateManager.cc */ = {isa = PBXFileReference; fileEncoding = 4; lastKnownFileType = sourcecode.cpp.cpp; path = QueensStateManager.cc; sourceTree = "<group>"; };
		ACF4B1730DBFA685008A0207 /* QueensStateManager.hh */ = {isa = PBXFileReference; fileEncoding = 4; lastKnownFileType = sourcecode.cpp.h; path = QueensStateManager.hh; sourceTree = "<group>"; };
		ACF4B1740DBFA685008A0207 /* QueensTabuListManager.hh */ = {isa = PBXFileReference; fileEncoding = 4; lastKnownFileType = sourcecode.cpp.h; path = QueensTabuListManager.hh; sourceTree = "<group>"; };
		ACF4B1750DBFA685008A0207 /* SecondaryDiagonalCostComponent.cc */ = {isa = PBXFileReference; fileEncoding = 4; lastKnownFileType = sourcecode.cpp.cpp; path = SecondaryDiagonalCostComponent.cc; sourceTree = "<group>"; };
		ACF4B1760DBFA685008A0207 /* SecondaryDiagonalCostComponent.hh */ = {isa = PBXFileReference; fileEncoding = 4; lastKnownFileType = sourcecode.cpp.h; path = SecondaryDiagonalCostComponent.hh; sourceTree = "<group>"; };
		ACF4B1770DBFA685008A0207 /* SecondaryDiagonalDeltaCostComponent.cc */ = {isa = PBXFileReference; fileEncoding = 4; lastKnownFileType = sourcecode.cpp.cpp; path = SecondaryDiagonalDeltaCostComponent.cc; sourceTree = "<group>"; };
		ACF4B1780DBFA685008A0207 /* SecondaryDiagonalDeltaCostComponent.hh */ = {isa = PBXFileReference; fileEncoding = 4; lastKnownFileType = sourcecode.cpp.h; path = SecondaryDiagonalDeltaCostComponent.hh; sourceTree = "<group>"; };
		ACF4B17E0DBFA685008A0207 /* QueensKicker.hh */ = {isa = PBXFileReference; fileEncoding = 4; lastKnownFileType = sourcecode.cpp.h; path = QueensKicker.hh; sourceTree = "<group>"; };
		ACF4B17F0DBFA685008A0207 /* main.cc */ = {isa = PBXFileReference; fileEncoding = 4; lastKnownFileType = sourcecode.cpp.cpp; path = main.cc; sourceTree = "<group>"; };
		ACF4B1800DBFA685008A0207 /* Makefile.am */ = {isa = PBXFileReference; fileEncoding = 4; lastKnownFileType = text; path = Makefile.am; sourceTree = "<group>"; };
		ACF4B19E0DBFA73A008A0207 /* aminclude.am */ = {isa = PBXFileReference; fileEncoding = 4; lastKnownFileType = text; name = aminclude.am; path = ../aminclude.am; sourceTree = SOURCE_ROOT; };
		ACF4B19F0DBFA73A008A0207 /* configure.ac */ = {isa = PBXFileReference; fileEncoding = 4; lastKnownFileType = text; name = configure.ac; path = ../configure.ac; sourceTree = SOURCE_ROOT; };
		ACF4B1A10DBFA73A008A0207 /* doxygen.m4 */ = {isa = PBXFileReference; fileEncoding = 4; lastKnownFileType = text; path = doxygen.m4; sourceTree = "<group>"; };
		ACF4B1A20DBFA73A008A0207 /* cppunit.m4 */ = {isa = PBXFileReference; fileEncoding = 4; lastKnownFileType = text; path = cppunit.m4; sourceTree = "<group>"; };
		ACF4B1A40DBFA73A008A0207 /* Makefile.am */ = {isa = PBXFileReference; fileEncoding = 4; lastKnownFileType = text; name = Makefile.am; path = ../Makefile.am; sourceTree = SOURCE_ROOT; };
		ACF4B1A50DBFA73A008A0207 /* TODO */ = {isa = PBXFileReference; fileEncoding = 4; lastKnownFileType = text; name = TODO; path = ../TODO; sourceTree = SOURCE_ROOT; };
		ACF4B2070DBFADB3008A0207 /* TabuSearchWithShiftingPenalty.hh */ = {isa = PBXFileReference; fileEncoding = 4; lastKnownFileType = sourcecode.cpp.h; path = TabuSearchWithShiftingPenalty.hh; sourceTree = "<group>"; };
		ACF4DD630DC1F3A4006507B1 /* StateManagerTest.hh */ = {isa = PBXFileReference; fileEncoding = 4; lastKnownFileType = sourcecode.cpp.h; path = StateManagerTest.hh; sourceTree = "<group>"; };
		ACF4DD640DC1F3A4006507B1 /* UnitTestingMain.cc */ = {isa = PBXFileReference; fileEncoding = 4; lastKnownFileType = sourcecode.cpp.cpp; path = UnitTestingMain.cc; sourceTree = "<group>"; };
		ACF4DD660DC1F3E2006507B1 /* QueensStateManagerTest.cc */ = {isa = PBXFileReference; fileEncoding = 4; lastKnownFileType = sourcecode.cpp.cpp; path = QueensStateManagerTest.cc; sourceTree = "<group>"; };
		ACF4DD7A0DC1F56C006507B1 /* TestUtils.hh */ = {isa = PBXFileReference; fileEncoding = 4; lastKnownFileType = sourcecode.cpp.h; path = TestUtils.hh; sourceTree = "<group>"; };
		ACF4DD9B0DC1F7FB006507B1 /* NeighborhoodExplorerTest.hh */ = {isa = PBXFileReference; fileEncoding = 4; lastKnownFileType = sourcecode.cpp.h; path = NeighborhoodExplorerTest.hh; sourceTree = "<group>"; };
		ACF4DDA90DC1FA70006507B1 /* SwapNeighborhoodExplorerTest.cc */ = {isa = PBXFileReference; fileEncoding = 4; lastKnownFileType = sourcecode.cpp.cpp; path = SwapNeighborhoodExplorerTest.cc; sourceTree = "<group>"; };
		ACF4DDE40DC20E43006507B1 /* CostComponentTest.hh */ = {isa = PBXFileReference; fileEncoding = 4; lastKnownFileType = sourcecode.cpp.h; path = CostComponentTest.hh; sourceTree = "<group>"; };
		ACF4DE3A0DC21CF2006507B1 /* DeltaCostComponentTest.hh */ = {isa = PBXFileReference; fileEncoding = 4; lastKnownFileType = sourcecode.cpp.h; path = DeltaCostComponentTest.hh; sourceTree = "<group>"; };
		ACF4DE4B0DC221F6006507B1 /* QueensCostComponentsTest.cc */ = {isa = PBXFileReference; fileEncoding = 4; lastKnownFileType = sourcecode.cpp.cpp; path = QueensCostComponentsTest.cc; sourceTree = "<group>"; };
		ACF4DE500DC22223006507B1 /* QueensDeltaCostComponentsTest.cc */ = {isa = PBXFileReference; fileEncoding = 4; lastKnownFileType = sourcecode.cpp.cpp; path = QueensDeltaCostComponentsTest.cc; sourceTree = "<group>"; };
		ACF4DEB10DC23181006507B1 /* OutputManagerTest.hh */ = {isa = PBXFileReference; fileEncoding = 4; lastKnownFileType = sourcecode.cpp.h; path = OutputManagerTest.hh; sourceTree = "<group>"; };
		ACF4DEB80DC233F3006507B1 /* QueensOutputManagerTest.cc */ = {isa = PBXFileReference; fileEncoding = 4; lastKnownFileType = sourcecode.cpp.cpp; path = QueensOutputManagerTest.cc; sourceTree = "<group>"; };
		ACFAF4BB0DD486BC0095F6A0 /* doxygen.cfg */ = {isa = PBXFileReference; fileEncoding = 4; lastKnownFileType = text; name = doxygen.cfg; path = ../doxygen.cfg; sourceTree = SOURCE_ROOT; };
		ACFAF4BC0DD486CF0095F6A0 /* AbstractLocalSearch.hh */ = {isa = PBXFileReference; fileEncoding = 4; lastKnownFileType = sourcecode.cpp.h; path = AbstractLocalSearch.hh; sourceTree = "<group>"; };
		ACFAF4BD0DD486E20095F6A0 /* README */ = {isa = PBXFileReference; fileEncoding = 4; lastKnownFileType = text; name = README; path = ../README; sourceTree = SOURCE_ROOT; };
/* End PBXFileReference section */

/* Begin PBXGroup section */
		08FB7794FE84155DC02AAC07 /* EasyLocalpp */ = {
			isa = PBXGroup;
			children = (
				A29C12D3148F74CC00EDC517 /* ToDo2012 */,
				ACF4B19F0DBFA73A008A0207 /* configure.ac */,
				ACF4B19E0DBFA73A008A0207 /* aminclude.am */,
				ACF4B1A40DBFA73A008A0207 /* Makefile.am */,
				AC2A95650DE0B0A700E6F462 /* doc */,
				ACF4B1A00DBFA73A008A0207 /* m4 */,
				ACF4B0FA0DBFA668008A0207 /* src */,
				ACF4B15C0DBFA685008A0207 /* test */,
			);
			indentWidth = 2;
			name = EasyLocalpp;
			sourceTree = "<group>";
			tabWidth = 2;
		};
		AC2A95650DE0B0A700E6F462 /* doc */ = {
			isa = PBXGroup;
			children = (
				ACF4B1A50DBFA73A008A0207 /* TODO */,
				AC97D3830DD4762100454E4E /* COPYING */,
				ACFAF4BD0DD486E20095F6A0 /* README */,
				ACFAF4BB0DD486BC0095F6A0 /* doxygen.cfg */,
				AC4276C40DD873F6006C3B31 /* index.html */,
			);
			name = doc;
			sourceTree = "<group>";
		};
		AC75B24A0DD08BB8003EBD1F /* observers */ = {
			isa = PBXGroup;
			children = (
				AC75B24C0DD08BB8003EBD1F /* GeneralizedLocalSearchObserver.hh */,
				AC75B24D0DD08BB8003EBD1F /* RunnerObserver.hh */,
				AC75B24E0DD08BB8003EBD1F /* ShiftingPenaltyObserver.hh */,
			);
			path = observers;
			sourceTree = "<group>";
		};
		ACF4B0FA0DBFA668008A0207 /* src */ = {
			isa = PBXGroup;
			children = (
				A22C6461162072DD00A58459 /* config.hh.in */,
				ACF4B1220DBFA668008A0207 /* Makefile.am */,
				ACF4B1380DBFA668008A0207 /* Solvers.hh */,
				ACF4B0FC0DBFA668008A0207 /* EasyLocal.hh */,
				ACDFC76D0DCFB2E5004D11E8 /* EasyLocal.conf.hh */,
				AC77656E0DDEE52200A4A736 /* EasyLocal.conf.vc.hh */,
				ACF4B11A0DBFA668008A0207 /* Helpers.hh */,
				ACF4B12E0DBFA668008A0207 /* Runners.hh */,
				ACF4B11F0DBFA668008A0207 /* Kickers.hh */,
				ACF4B13E0DBFA668008A0207 /* Testers.hh */,
				A2BB009716258D25002AE3EF /* Utils.hh */,
				ACF4B10D0DBFA668008A0207 /* helpers */,
				ACF4B11B0DBFA668008A0207 /* kickers */,
				AC75B24A0DD08BB8003EBD1F /* observers */,
				ACF4B1240DBFA668008A0207 /* runners */,
				ACF4B12F0DBFA668008A0207 /* solvers */,
				ACF4B1390DBFA668008A0207 /* testers */,
				ACF4B13F0DBFA668008A0207 /* utils */,
				ACF4DD620DC1F3A4006507B1 /* unit */,
			);
			name = src;
			path = ../src;
			sourceTree = SOURCE_ROOT;
		};
		ACF4B10D0DBFA668008A0207 /* helpers */ = {
			isa = PBXGroup;
			children = (
				ACF4B10E0DBFA668008A0207 /* CostComponent.hh */,
				ACF4B10F0DBFA668008A0207 /* DeltaCostComponent.hh */,
				ACF4B1110DBFA668008A0207 /* NeighborhoodExplorer.hh */,
				504771E6161C52090055CA54 /* MultimodalNeighborhoodExplorer.hh */,
				AC8357BF0EA47DF5002980DC /* MultimodalTabuListManager.hh */,
				ACF4B1120DBFA668008A0207 /* OutputManager.hh */,
				ACF4B1130DBFA668008A0207 /* ProhibitionManager.hh */,
				ACF4B1170DBFA668008A0207 /* StateManager.hh */,
				ACF4B1190DBFA668008A0207 /* TabuListManager.hh */,
				A245D81216B2B942004734C4 /* WeightManager.hh */,
				ACF4B1150DBFA668008A0207 /* ShiftingPenaltyManager.hh */,
			);
			path = helpers;
			sourceTree = "<group>";
		};
		ACF4B11B0DBFA668008A0207 /* kickers */ = {
			isa = PBXGroup;
			children = (
				ACF4B11D0DBFA668008A0207 /* Kicker.hh */,
				ACF4B11E0DBFA668008A0207 /* SimpleKicker.hh */,
			);
			path = kickers;
			sourceTree = "<group>";
		};
		ACF4B1240DBFA668008A0207 /* runners */ = {
			isa = PBXGroup;
			children = (
				A2765ABC16B6929A00980D1F /* FirstImprovementTabuSearch.hh */,
				A2765ABD16B6929A00980D1F /* SampleTabuSearch.hh */,
				ACF4B1280DBFA668008A0207 /* Runner.hh */,
				ACF4B1270DBFA668008A0207 /* MoveRunner.hh */,
				ACF4B1250DBFA668008A0207 /* FirstDescent.hh */,
				ACF4B12B0DBFA668008A0207 /* SteepestDescent.hh */,
				ACF4B1260DBFA668008A0207 /* HillClimbing.hh */,
				ACF4B12C0DBFA668008A0207 /* TabuSearch.hh */,
				AC9665AE0E712AE100802631 /* GreatDeluge.hh */,
				ACF4B12A0DBFA668008A0207 /* SimulatedAnnealing.hh */,
				50B7DC6316147D16006CFED0 /* SimulatedAnnealingWithReheating.hh */,
				A2765ABE16B6929A00980D1F /* SimulatedAnnealingIterationBased.hh */,
				ACF4B2070DBFADB3008A0207 /* TabuSearchWithShiftingPenalty.hh */,
				50BDA6F5160200CC0069BFF7 /* LateAcceptanceHillClimbing.hh */,
			);
			path = runners;
			sourceTree = "<group>";
		};
		ACF4B12F0DBFA668008A0207 /* solvers */ = {
			isa = PBXGroup;
			children = (
				A245D81016B2B5CE004734C4 /* GRASP.hh */,
				ACF4B1350DBFA668008A0207 /* Solver.hh */,
				ACFAF4BC0DD486CF0095F6A0 /* AbstractLocalSearch.hh */,
				ACF4B1340DBFA668008A0207 /* SimpleLocalSearch.hh */,
				A245D81116B2B5CE004734C4 /* TokenRingSearch.hh */,
				ACDFC7AA0DCFB717004D11E8 /* VariableNeighborhoodDescent.hh */,
			);
			path = solvers;
			sourceTree = "<group>";
		};
		ACF4B1390DBFA668008A0207 /* testers */ = {
			isa = PBXGroup;
			children = (
				ACF4B13A0DBFA668008A0207 /* ComponentTester.hh */,
				ACF4B13B0DBFA668008A0207 /* KickerTester.hh */,
				ACF4B13C0DBFA668008A0207 /* MoveTester.hh */,
				ACF4B13D0DBFA668008A0207 /* Tester.hh */,
			);
			path = testers;
			sourceTree = "<group>";
		};
		ACF4B13F0DBFA668008A0207 /* utils */ = {
			isa = PBXGroup;
			children = (
				A2DF65DE16170709002DFB3D /* Parameter.hh */,
				A2DF65DD16170709002DFB3D /* Parameter.cc */,
				ACF4B1580DBFA668008A0207 /* Random.hh */,
				5005F4ED16106B78002BA61D /* Random.cc */,
				ACF4B15B0DBFA668008A0207 /* Types.hh */,
				ACF4B15A0DBFA668008A0207 /* Types.cc */,
				5029007D1615987400F5EFCB /* Interruptible.hh */,
				5064C5AC1621898300BD59A4 /* Tuple.hh */,
			);
			path = utils;
			sourceTree = "<group>";
		};
		ACF4B15C0DBFA685008A0207 /* test */ = {
			isa = PBXGroup;
			children = (
				ACF4B1600DBFA685008A0207 /* Makefile.am */,
				ACF4B1620DBFA685008A0207 /* nQueens */,
			);
			name = test;
			path = ../test;
			sourceTree = SOURCE_ROOT;
		};
		ACF4B1620DBFA685008A0207 /* nQueens */ = {
			isa = PBXGroup;
			children = (
				ACF4B1800DBFA685008A0207 /* Makefile.am */,
				ACF4B1630DBFA685008A0207 /* data */,
				ACF4B1680DBFA685008A0207 /* helpers */,
				ACF4B17D0DBFA685008A0207 /* kickers */,
				ACF4DD650DC1F3E2006507B1 /* unit */,
				ACF4B17F0DBFA685008A0207 /* main.cc */,
			);
			path = nQueens;
			sourceTree = "<group>";
		};
		ACF4B1630DBFA685008A0207 /* data */ = {
			isa = PBXGroup;
			children = (
				ACF4B1650DBFA685008A0207 /* ChessBoard.hh */,
				ACF4B1640DBFA685008A0207 /* ChessBoard.cc */,
				ACF4B1670DBFA685008A0207 /* Swap.hh */,
				ACF4B1660DBFA685008A0207 /* Swap.cc */,
			);
			path = data;
			sourceTree = "<group>";
		};
		ACF4B1680DBFA685008A0207 /* helpers */ = {
			isa = PBXGroup;
			children = (
				ACF4B16A0DBFA685008A0207 /* PrimaryDiagonalCostComponent.hh */,
				ACF4B1690DBFA685008A0207 /* PrimaryDiagonalCostComponent.cc */,
				ACF4B16C0DBFA685008A0207 /* PrimaryDiagonalDeltaCostComponent.hh */,
				ACF4B16B0DBFA685008A0207 /* PrimaryDiagonalDeltaCostComponent.cc */,
				ACF4B16F0DBFA685008A0207 /* SwapNeighborhoodExplorer.hh */,
				ACF4B16E0DBFA685008A0207 /* SwapNeighborhoodExplorer.cc */,
				ACF4B1710DBFA685008A0207 /* QueensOutputManager.hh */,
				ACF4B1700DBFA685008A0207 /* QueensOutputManager.cc */,
				ACF4B1730DBFA685008A0207 /* QueensStateManager.hh */,
				ACF4B1720DBFA685008A0207 /* QueensStateManager.cc */,
				ACF4B1740DBFA685008A0207 /* QueensTabuListManager.hh */,
				ACF4B1760DBFA685008A0207 /* SecondaryDiagonalCostComponent.hh */,
				ACF4B1750DBFA685008A0207 /* SecondaryDiagonalCostComponent.cc */,
				ACF4B1780DBFA685008A0207 /* SecondaryDiagonalDeltaCostComponent.hh */,
				ACF4B1770DBFA685008A0207 /* SecondaryDiagonalDeltaCostComponent.cc */,
			);
			path = helpers;
			sourceTree = "<group>";
		};
		ACF4B17D0DBFA685008A0207 /* kickers */ = {
			isa = PBXGroup;
			children = (
				ACF4B17E0DBFA685008A0207 /* QueensKicker.hh */,
			);
			path = kickers;
			sourceTree = "<group>";
		};
		ACF4B1A00DBFA73A008A0207 /* m4 */ = {
			isa = PBXGroup;
			children = (
				ACF4B1A10DBFA73A008A0207 /* doxygen.m4 */,
				ACF4B1A20DBFA73A008A0207 /* cppunit.m4 */,
			);
			name = m4;
			path = ../m4;
			sourceTree = SOURCE_ROOT;
		};
		ACF4DD620DC1F3A4006507B1 /* unit */ = {
			isa = PBXGroup;
			children = (
				ACF4DEB10DC23181006507B1 /* OutputManagerTest.hh */,
				ACF4DD7A0DC1F56C006507B1 /* TestUtils.hh */,
				ACF4DD630DC1F3A4006507B1 /* StateManagerTest.hh */,
				ACF4DDE40DC20E43006507B1 /* CostComponentTest.hh */,
				ACF4DD9B0DC1F7FB006507B1 /* NeighborhoodExplorerTest.hh */,
				ACF4DE3A0DC21CF2006507B1 /* DeltaCostComponentTest.hh */,
				ACF4DD640DC1F3A4006507B1 /* UnitTestingMain.cc */,
			);
			path = unit;
			sourceTree = "<group>";
		};
		ACF4DD650DC1F3E2006507B1 /* unit */ = {
			isa = PBXGroup;
			children = (
				ACF4DE4B0DC221F6006507B1 /* QueensCostComponentsTest.cc */,
				ACF4DE500DC22223006507B1 /* QueensDeltaCostComponentsTest.cc */,
				ACF4DDA90DC1FA70006507B1 /* SwapNeighborhoodExplorerTest.cc */,
				ACF4DD660DC1F3E2006507B1 /* QueensStateManagerTest.cc */,
				ACF4DEB80DC233F3006507B1 /* QueensOutputManagerTest.cc */,
			);
			path = unit;
			sourceTree = "<group>";
		};
/* End PBXGroup section */

/* Begin PBXLegacyTarget section */
		D28A88AD04BDD90700651E21 /* EasyLocal */ = {
			isa = PBXLegacyTarget;
			buildArgumentsString = "$(ACTION)";
			buildConfigurationList = 1DEB918F08733D9F0010E9CD /* Build configuration list for PBXLegacyTarget "EasyLocal" */;
			buildPhases = (
			);
			buildToolPath = /usr/bin/make;
			buildWorkingDirectory = "$(BUILD_DIR)";
			dependencies = (
			);
			name = EasyLocal;
			passBuildSettingsInEnvironment = 1;
			productName = EasyLocalpp;
		};
/* End PBXLegacyTarget section */

/* Begin PBXProject section */
		08FB7793FE84155DC02AAC07 /* Project object */ = {
			isa = PBXProject;
			attributes = {
				LastUpgradeCheck = 0450;
			};
			buildConfigurationList = 1DEB919308733D9F0010E9CD /* Build configuration list for PBXProject "EasyLocal" */;
			compatibilityVersion = "Xcode 3.2";
			developmentRegion = English;
			hasScannedForEncodings = 1;
			knownRegions = (
				English,
				Japanese,
				French,
				German,
			);
			mainGroup = 08FB7794FE84155DC02AAC07 /* EasyLocalpp */;
			projectDirPath = "";
			projectRoot = "";
			targets = (
				D28A88AD04BDD90700651E21 /* EasyLocal */,
				ACF4B1830DBFA6A1008A0207 /* configure */,
				ACFAF4C30DD489630095F6A0 /* documentation */,
			);
		};
/* End PBXProject section */

/* Begin PBXShellScriptBuildPhase section */
		ACF4B1820DBFA6A1008A0207 /* Run Script */ = {
			isa = PBXShellScriptBuildPhase;
			buildActionMask = 2147483647;
			files = (
			);
			inputPaths = (
			);
			name = "Run Script";
			outputPaths = (
			);
			runOnlyForDeploymentPostprocessing = 0;
			shellPath = /bin/sh;
			shellScript = "# shell script goes here\nexport PATH=\"$PATH:/opt/local/bin\"\nexport CC=\"gcc-mp-4.7\"\nexport CXX=\"g++-mp-4.7\"\n#export CXXFLAGS=\"-stdlib=libc++\"\nexport CPPFLAGS=\"-I$PROJECT_DIR/../src\"\ncd $BUILD_DIR\necho $CONFIGURATION\nif [ \"$CONFIGURATION\" == \"Debug\" ]; then\necho \"DEBUG configuration\"\n$PROJECT_DIR/../configure --enable-debug --with-cppunit-prefix=/opt/local\nelse\necho \"RELEASE configuration\"\n$PROJECT_DIR/../configure --with-cppunit-prefix=/opt/local \nfi\nmake clean\nexit 0";
		};
		ACFAF4C20DD489630095F6A0 /* ShellScript */ = {
			isa = PBXShellScriptBuildPhase;
			buildActionMask = 2147483647;
			files = (
			);
			inputPaths = (
			);
			outputPaths = (
			);
			runOnlyForDeploymentPostprocessing = 0;
			shellPath = /bin/sh;
			shellScript = "# shell script goes here\ncd $PROJECT_DIR/..\n/opt/local/bin/doxygen doxygen.cfg\nexit 0";
		};
/* End PBXShellScriptBuildPhase section */

/* Begin XCBuildConfiguration section */
		1DEB919008733D9F0010E9CD /* Debug */ = {
			isa = XCBuildConfiguration;
			buildSettings = {
				COMBINE_HIDPI_IMAGES = YES;
				COPY_PHASE_STRIP = NO;
				DEBUGGING_SYMBOLS = YES;
				GCC_DYNAMIC_NO_PIC = NO;
				GCC_GENERATE_DEBUGGING_SYMBOLS = YES;
				GCC_OPTIMIZATION_LEVEL = 0;
				OTHER_CFLAGS = "";
				OTHER_LDFLAGS = "";
				PATH = "$PATH:/opt/local/bin";
				PRODUCT_NAME = "$(ARCHS_STANDARD_64_BIT)\n";
			};
			name = Debug;
		};
		1DEB919108733D9F0010E9CD /* Release */ = {
			isa = XCBuildConfiguration;
			buildSettings = {
				COMBINE_HIDPI_IMAGES = YES;
				COPY_PHASE_STRIP = YES;
				OTHER_CFLAGS = "";
				OTHER_LDFLAGS = "";
				PATH = "$PATH:/opt/local/bin";
				PRODUCT_NAME = "$(ARCHS_STANDARD_64_BIT)\n";
			};
			name = Release;
		};
		1DEB919408733D9F0010E9CD /* Debug */ = {
			isa = XCBuildConfiguration;
			buildSettings = {
				ARCHS = "$(ARCHS_STANDARD_64_BIT)";
				GCC_WARN_ABOUT_RETURN_TYPE = YES;
				GCC_WARN_UNUSED_VARIABLE = YES;
				ONLY_ACTIVE_ARCH = YES;
			};
			name = Debug;
		};
		1DEB919508733D9F0010E9CD /* Release */ = {
			isa = XCBuildConfiguration;
			buildSettings = {
				ARCHS = "$(ARCHS_STANDARD_64_BIT)";
				GCC_WARN_ABOUT_RETURN_TYPE = YES;
				GCC_WARN_UNUSED_VARIABLE = YES;
			};
			name = Release;
		};
		ACF4B1840DBFA6A1008A0207 /* Debug */ = {
			isa = XCBuildConfiguration;
			buildSettings = {
				COMBINE_HIDPI_IMAGES = YES;
				COPY_PHASE_STRIP = NO;
				GCC_DYNAMIC_NO_PIC = NO;
				GCC_OPTIMIZATION_LEVEL = 0;
				PRODUCT_NAME = configure;
			};
			name = Debug;
		};
		ACF4B1850DBFA6A1008A0207 /* Release */ = {
			isa = XCBuildConfiguration;
			buildSettings = {
				COMBINE_HIDPI_IMAGES = YES;
				COPY_PHASE_STRIP = YES;
				DEBUG_INFORMATION_FORMAT = "dwarf-with-dsym";
				PRODUCT_NAME = configure;
				ZERO_LINK = NO;
			};
			name = Release;
		};
		ACFAF4C40DD489630095F6A0 /* Debug */ = {
			isa = XCBuildConfiguration;
			buildSettings = {
				COMBINE_HIDPI_IMAGES = YES;
				COPY_PHASE_STRIP = NO;
				GCC_DYNAMIC_NO_PIC = NO;
				GCC_OPTIMIZATION_LEVEL = 0;
				PRODUCT_NAME = documentation;
			};
			name = Debug;
		};
		ACFAF4C50DD489630095F6A0 /* Release */ = {
			isa = XCBuildConfiguration;
			buildSettings = {
				COMBINE_HIDPI_IMAGES = YES;
				COPY_PHASE_STRIP = YES;
				DEBUG_INFORMATION_FORMAT = "dwarf-with-dsym";
				PRODUCT_NAME = documentation;
				ZERO_LINK = NO;
			};
			name = Release;
		};
/* End XCBuildConfiguration section */

/* Begin XCConfigurationList section */
		1DEB918F08733D9F0010E9CD /* Build configuration list for PBXLegacyTarget "EasyLocal" */ = {
			isa = XCConfigurationList;
			buildConfigurations = (
				1DEB919008733D9F0010E9CD /* Debug */,
				1DEB919108733D9F0010E9CD /* Release */,
			);
			defaultConfigurationIsVisible = 0;
			defaultConfigurationName = Debug;
		};
		1DEB919308733D9F0010E9CD /* Build configuration list for PBXProject "EasyLocal" */ = {
			isa = XCConfigurationList;
			buildConfigurations = (
				1DEB919408733D9F0010E9CD /* Debug */,
				1DEB919508733D9F0010E9CD /* Release */,
			);
			defaultConfigurationIsVisible = 0;
			defaultConfigurationName = Debug;
		};
		ACF4B18F0DBFA6C0008A0207 /* Build configuration list for PBXAggregateTarget "configure" */ = {
			isa = XCConfigurationList;
			buildConfigurations = (
				ACF4B1840DBFA6A1008A0207 /* Debug */,
				ACF4B1850DBFA6A1008A0207 /* Release */,
			);
			defaultConfigurationIsVisible = 0;
			defaultConfigurationName = Debug;
		};
		ACFAF4D20DD489A60095F6A0 /* Build configuration list for PBXAggregateTarget "documentation" */ = {
			isa = XCConfigurationList;
			buildConfigurations = (
				ACFAF4C40DD489630095F6A0 /* Debug */,
				ACFAF4C50DD489630095F6A0 /* Release */,
			);
			defaultConfigurationIsVisible = 0;
			defaultConfigurationName = Debug;
		};
/* End XCConfigurationList section */
	};
	rootObject = 08FB7793FE84155DC02AAC07 /* Project object */;
}
